// !$*UTF8*$!
{
	archiveVersion = 1;
	classes = {
	};
	objectVersion = 56;
	objects = {

/* Begin PBXBuildFile section */
		B05E79D82B67E88E0063514C /* AppDelegate.swift in Sources */ = {isa = PBXBuildFile; fileRef = B05E79D72B67E88E0063514C /* AppDelegate.swift */; };
		B05E79DA2B67E88E0063514C /* SceneDelegate.swift in Sources */ = {isa = PBXBuildFile; fileRef = B05E79D92B67E88E0063514C /* SceneDelegate.swift */; };
		B05E79DC2B67E88E0063514C /* NotesListViewController.swift in Sources */ = {isa = PBXBuildFile; fileRef = B05E79DB2B67E88E0063514C /* NotesListViewController.swift */; };
		B05E79E12B67E8900063514C /* Assets.xcassets in Resources */ = {isa = PBXBuildFile; fileRef = B05E79E02B67E8900063514C /* Assets.xcassets */; };
		B05E79E42B67E8900063514C /* LaunchScreen.storyboard in Resources */ = {isa = PBXBuildFile; fileRef = B05E79E22B67E8900063514C /* LaunchScreen.storyboard */; };
		B05E79ED2B67EE080063514C /* NotesListView.swift in Sources */ = {isa = PBXBuildFile; fileRef = B05E79EC2B67EE080063514C /* NotesListView.swift */; };
		B05E79EF2B67F01B0063514C /* NotesCellView.swift in Sources */ = {isa = PBXBuildFile; fileRef = B05E79EE2B67F01B0063514C /* NotesCellView.swift */; };
		B05E79F12B67F8C70063514C /* NotesListPresenter.swift in Sources */ = {isa = PBXBuildFile; fileRef = B05E79F02B67F8C70063514C /* NotesListPresenter.swift */; };
		B05E79F32B67F91F0063514C /* NotesListInteractor.swift in Sources */ = {isa = PBXBuildFile; fileRef = B05E79F22B67F91F0063514C /* NotesListInteractor.swift */; };
		B05E79F52B67F94C0063514C /* NotesListEntity.swift in Sources */ = {isa = PBXBuildFile; fileRef = B05E79F42B67F94C0063514C /* NotesListEntity.swift */; };
		B05E79F72B67F9650063514C /* NotesListRouter.swift in Sources */ = {isa = PBXBuildFile; fileRef = B05E79F62B67F9650063514C /* NotesListRouter.swift */; };
		B05E79F92B6807C30063514C /* ModuleBuilder.swift in Sources */ = {isa = PBXBuildFile; fileRef = B05E79F82B6807C30063514C /* ModuleBuilder.swift */; };
/* End PBXBuildFile section */

/* Begin PBXFileReference section */
		B05E79D42B67E88E0063514C /* NotesAppTestTask.app */ = {isa = PBXFileReference; explicitFileType = wrapper.application; includeInIndex = 0; path = NotesAppTestTask.app; sourceTree = BUILT_PRODUCTS_DIR; };
		B05E79D72B67E88E0063514C /* AppDelegate.swift */ = {isa = PBXFileReference; lastKnownFileType = sourcecode.swift; path = AppDelegate.swift; sourceTree = "<group>"; };
		B05E79D92B67E88E0063514C /* SceneDelegate.swift */ = {isa = PBXFileReference; lastKnownFileType = sourcecode.swift; path = SceneDelegate.swift; sourceTree = "<group>"; };
		B05E79DB2B67E88E0063514C /* NotesListViewController.swift */ = {isa = PBXFileReference; lastKnownFileType = sourcecode.swift; path = NotesListViewController.swift; sourceTree = "<group>"; };
		B05E79E02B67E8900063514C /* Assets.xcassets */ = {isa = PBXFileReference; lastKnownFileType = folder.assetcatalog; path = Assets.xcassets; sourceTree = "<group>"; };
		B05E79E32B67E8900063514C /* Base */ = {isa = PBXFileReference; lastKnownFileType = file.storyboard; name = Base; path = Base.lproj/LaunchScreen.storyboard; sourceTree = "<group>"; };
		B05E79E52B67E8900063514C /* Info.plist */ = {isa = PBXFileReference; lastKnownFileType = text.plist.xml; path = Info.plist; sourceTree = "<group>"; };
		B05E79EC2B67EE080063514C /* NotesListView.swift */ = {isa = PBXFileReference; lastKnownFileType = sourcecode.swift; path = NotesListView.swift; sourceTree = "<group>"; };
		B05E79EE2B67F01B0063514C /* NotesCellView.swift */ = {isa = PBXFileReference; lastKnownFileType = sourcecode.swift; path = NotesCellView.swift; sourceTree = "<group>"; };
		B05E79F02B67F8C70063514C /* NotesListPresenter.swift */ = {isa = PBXFileReference; lastKnownFileType = sourcecode.swift; path = NotesListPresenter.swift; sourceTree = "<group>"; };
		B05E79F22B67F91F0063514C /* NotesListInteractor.swift */ = {isa = PBXFileReference; lastKnownFileType = sourcecode.swift; path = NotesListInteractor.swift; sourceTree = "<group>"; };
		B05E79F42B67F94C0063514C /* NotesListEntity.swift */ = {isa = PBXFileReference; lastKnownFileType = sourcecode.swift; path = NotesListEntity.swift; sourceTree = "<group>"; };
		B05E79F62B67F9650063514C /* NotesListRouter.swift */ = {isa = PBXFileReference; lastKnownFileType = sourcecode.swift; path = NotesListRouter.swift; sourceTree = "<group>"; };
		B05E79F82B6807C30063514C /* ModuleBuilder.swift */ = {isa = PBXFileReference; lastKnownFileType = sourcecode.swift; path = ModuleBuilder.swift; sourceTree = "<group>"; };
/* End PBXFileReference section */

/* Begin PBXFrameworksBuildPhase section */
		B05E79D12B67E88E0063514C /* Frameworks */ = {
			isa = PBXFrameworksBuildPhase;
			buildActionMask = 2147483647;
			files = (
			);
			runOnlyForDeploymentPostprocessing = 0;
		};
/* End PBXFrameworksBuildPhase section */

/* Begin PBXGroup section */
		B05E79CB2B67E88E0063514C = {
			isa = PBXGroup;
			children = (
				B05E79D62B67E88E0063514C /* NotesAppTestTask */,
				B05E79D52B67E88E0063514C /* Products */,
			);
			sourceTree = "<group>";
		};
		B05E79D52B67E88E0063514C /* Products */ = {
			isa = PBXGroup;
			children = (
				B05E79D42B67E88E0063514C /* NotesAppTestTask.app */,
			);
			name = Products;
			sourceTree = "<group>";
		};
		B05E79D62B67E88E0063514C /* NotesAppTestTask */ = {
			isa = PBXGroup;
			children = (
				B05E79F82B6807C30063514C /* ModuleBuilder.swift */,
				B05E79DB2B67E88E0063514C /* NotesListViewController.swift */,
				B05E79F02B67F8C70063514C /* NotesListPresenter.swift */,
				B05E79F22B67F91F0063514C /* NotesListInteractor.swift */,
				B05E79F42B67F94C0063514C /* NotesListEntity.swift */,
				B05E79F62B67F9650063514C /* NotesListRouter.swift */,
				B05E79EC2B67EE080063514C /* NotesListView.swift */,
				B05E79EE2B67F01B0063514C /* NotesCellView.swift */,
				B05E79E52B67E8900063514C /* Info.plist */,
				B05E79EB2B67EC0A0063514C /* Utils */,
			);
			path = NotesAppTestTask;
			sourceTree = "<group>";
		};
		B05E79EB2B67EC0A0063514C /* Utils */ = {
			isa = PBXGroup;
			children = (
				B05E79D72B67E88E0063514C /* AppDelegate.swift */,
				B05E79D92B67E88E0063514C /* SceneDelegate.swift */,
				B05E79E02B67E8900063514C /* Assets.xcassets */,
				B05E79E22B67E8900063514C /* LaunchScreen.storyboard */,
			);
			path = Utils;
			sourceTree = "<group>";
		};
/* End PBXGroup section */

/* Begin PBXNativeTarget section */
		B05E79D32B67E88E0063514C /* NotesAppTestTask */ = {
			isa = PBXNativeTarget;
			buildConfigurationList = B05E79E82B67E8900063514C /* Build configuration list for PBXNativeTarget "NotesAppTestTask" */;
			buildPhases = (
				B05E79D02B67E88E0063514C /* Sources */,
				B05E79D12B67E88E0063514C /* Frameworks */,
				B05E79D22B67E88E0063514C /* Resources */,
			);
			buildRules = (
			);
			dependencies = (
			);
			name = NotesAppTestTask;
			productName = NotesAppTestTask;
			productReference = B05E79D42B67E88E0063514C /* NotesAppTestTask.app */;
			productType = "com.apple.product-type.application";
		};
/* End PBXNativeTarget section */

/* Begin PBXProject section */
		B05E79CC2B67E88E0063514C /* Project object */ = {
			isa = PBXProject;
			attributes = {
				BuildIndependentTargetsInParallel = 1;
				LastSwiftUpdateCheck = 1420;
				LastUpgradeCheck = 1420;
				TargetAttributes = {
					B05E79D32B67E88E0063514C = {
						CreatedOnToolsVersion = 14.2;
					};
				};
			};
			buildConfigurationList = B05E79CF2B67E88E0063514C /* Build configuration list for PBXProject "NotesAppTestTask" */;
			compatibilityVersion = "Xcode 14.0";
			developmentRegion = en;
			hasScannedForEncodings = 0;
			knownRegions = (
				en,
				Base,
			);
			mainGroup = B05E79CB2B67E88E0063514C;
			productRefGroup = B05E79D52B67E88E0063514C /* Products */;
			projectDirPath = "";
			projectRoot = "";
			targets = (
				B05E79D32B67E88E0063514C /* NotesAppTestTask */,
			);
		};
/* End PBXProject section */

/* Begin PBXResourcesBuildPhase section */
		B05E79D22B67E88E0063514C /* Resources */ = {
			isa = PBXResourcesBuildPhase;
			buildActionMask = 2147483647;
			files = (
				B05E79E42B67E8900063514C /* LaunchScreen.storyboard in Resources */,
				B05E79E12B67E8900063514C /* Assets.xcassets in Resources */,
			);
			runOnlyForDeploymentPostprocessing = 0;
		};
/* End PBXResourcesBuildPhase section */

/* Begin PBXSourcesBuildPhase section */
		B05E79D02B67E88E0063514C /* Sources */ = {
			isa = PBXSourcesBuildPhase;
			buildActionMask = 2147483647;
			files = (
				B05E79F12B67F8C70063514C /* NotesListPresenter.swift in Sources */,
				B05E79EF2B67F01B0063514C /* NotesCellView.swift in Sources */,
				B05E79F72B67F9650063514C /* NotesListRouter.swift in Sources */,
				B05E79F92B6807C30063514C /* ModuleBuilder.swift in Sources */,
				B05E79F52B67F94C0063514C /* NotesListEntity.swift in Sources */,
				B05E79DC2B67E88E0063514C /* NotesListViewController.swift in Sources */,
				B05E79D82B67E88E0063514C /* AppDelegate.swift in Sources */,
				B05E79ED2B67EE080063514C /* NotesListView.swift in Sources */,
				B05E79F32B67F91F0063514C /* NotesListInteractor.swift in Sources */,
				B05E79DA2B67E88E0063514C /* SceneDelegate.swift in Sources */,
			);
			runOnlyForDeploymentPostprocessing = 0;
		};
/* End PBXSourcesBuildPhase section */

/* Begin PBXVariantGroup section */
		B05E79E22B67E8900063514C /* LaunchScreen.storyboard */ = {
			isa = PBXVariantGroup;
			children = (
				B05E79E32B67E8900063514C /* Base */,
			);
			name = LaunchScreen.storyboard;
			sourceTree = "<group>";
		};
/* End PBXVariantGroup section */

/* Begin XCBuildConfiguration section */
		B05E79E62B67E8900063514C /* Debug */ = {
			isa = XCBuildConfiguration;
			buildSettings = {
				ALWAYS_SEARCH_USER_PATHS = NO;
				CLANG_ANALYZER_NONNULL = YES;
				CLANG_ANALYZER_NUMBER_OBJECT_CONVERSION = YES_AGGRESSIVE;
				CLANG_CXX_LANGUAGE_STANDARD = "gnu++20";
				CLANG_ENABLE_MODULES = YES;
				CLANG_ENABLE_OBJC_ARC = YES;
				CLANG_ENABLE_OBJC_WEAK = YES;
				CLANG_WARN_BLOCK_CAPTURE_AUTORELEASING = YES;
				CLANG_WARN_BOOL_CONVERSION = YES;
				CLANG_WARN_COMMA = YES;
				CLANG_WARN_CONSTANT_CONVERSION = YES;
				CLANG_WARN_DEPRECATED_OBJC_IMPLEMENTATIONS = YES;
				CLANG_WARN_DIRECT_OBJC_ISA_USAGE = YES_ERROR;
				CLANG_WARN_DOCUMENTATION_COMMENTS = YES;
				CLANG_WARN_EMPTY_BODY = YES;
				CLANG_WARN_ENUM_CONVERSION = YES;
				CLANG_WARN_INFINITE_RECURSION = YES;
				CLANG_WARN_INT_CONVERSION = YES;
				CLANG_WARN_NON_LITERAL_NULL_CONVERSION = YES;
				CLANG_WARN_OBJC_IMPLICIT_RETAIN_SELF = YES;
				CLANG_WARN_OBJC_LITERAL_CONVERSION = YES;
				CLANG_WARN_OBJC_ROOT_CLASS = YES_ERROR;
				CLANG_WARN_QUOTED_INCLUDE_IN_FRAMEWORK_HEADER = YES;
				CLANG_WARN_RANGE_LOOP_ANALYSIS = YES;
				CLANG_WARN_STRICT_PROTOTYPES = YES;
				CLANG_WARN_SUSPICIOUS_MOVE = YES;
				CLANG_WARN_UNGUARDED_AVAILABILITY = YES_AGGRESSIVE;
				CLANG_WARN_UNREACHABLE_CODE = YES;
				CLANG_WARN__DUPLICATE_METHOD_MATCH = YES;
				COPY_PHASE_STRIP = NO;
				DEBUG_INFORMATION_FORMAT = dwarf;
				ENABLE_STRICT_OBJC_MSGSEND = YES;
				ENABLE_TESTABILITY = YES;
				GCC_C_LANGUAGE_STANDARD = gnu11;
				GCC_DYNAMIC_NO_PIC = NO;
				GCC_NO_COMMON_BLOCKS = YES;
				GCC_OPTIMIZATION_LEVEL = 0;
				GCC_PREPROCESSOR_DEFINITIONS = (
					"DEBUG=1",
					"$(inherited)",
				);
				GCC_WARN_64_TO_32_BIT_CONVERSION = YES;
				GCC_WARN_ABOUT_RETURN_TYPE = YES_ERROR;
				GCC_WARN_UNDECLARED_SELECTOR = YES;
				GCC_WARN_UNINITIALIZED_AUTOS = YES_AGGRESSIVE;
				GCC_WARN_UNUSED_FUNCTION = YES;
				GCC_WARN_UNUSED_VARIABLE = YES;
				IPHONEOS_DEPLOYMENT_TARGET = 16.2;
				MTL_ENABLE_DEBUG_INFO = INCLUDE_SOURCE;
				MTL_FAST_MATH = YES;
				ONLY_ACTIVE_ARCH = YES;
				SDKROOT = iphoneos;
				SWIFT_ACTIVE_COMPILATION_CONDITIONS = DEBUG;
				SWIFT_OPTIMIZATION_LEVEL = "-Onone";
			};
			name = Debug;
		};
		B05E79E72B67E8900063514C /* Release */ = {
			isa = XCBuildConfiguration;
			buildSettings = {
				ALWAYS_SEARCH_USER_PATHS = NO;
				CLANG_ANALYZER_NONNULL = YES;
				CLANG_ANALYZER_NUMBER_OBJECT_CONVERSION = YES_AGGRESSIVE;
				CLANG_CXX_LANGUAGE_STANDARD = "gnu++20";
				CLANG_ENABLE_MODULES = YES;
				CLANG_ENABLE_OBJC_ARC = YES;
				CLANG_ENABLE_OBJC_WEAK = YES;
				CLANG_WARN_BLOCK_CAPTURE_AUTORELEASING = YES;
				CLANG_WARN_BOOL_CONVERSION = YES;
				CLANG_WARN_COMMA = YES;
				CLANG_WARN_CONSTANT_CONVERSION = YES;
				CLANG_WARN_DEPRECATED_OBJC_IMPLEMENTATIONS = YES;
				CLANG_WARN_DIRECT_OBJC_ISA_USAGE = YES_ERROR;
				CLANG_WARN_DOCUMENTATION_COMMENTS = YES;
				CLANG_WARN_EMPTY_BODY = YES;
				CLANG_WARN_ENUM_CONVERSION = YES;
				CLANG_WARN_INFINITE_RECURSION = YES;
				CLANG_WARN_INT_CONVERSION = YES;
				CLANG_WARN_NON_LITERAL_NULL_CONVERSION = YES;
				CLANG_WARN_OBJC_IMPLICIT_RETAIN_SELF = YES;
				CLANG_WARN_OBJC_LITERAL_CONVERSION = YES;
				CLANG_WARN_OBJC_ROOT_CLASS = YES_ERROR;
				CLANG_WARN_QUOTED_INCLUDE_IN_FRAMEWORK_HEADER = YES;
				CLANG_WARN_RANGE_LOOP_ANALYSIS = YES;
				CLANG_WARN_STRICT_PROTOTYPES = YES;
				CLANG_WARN_SUSPICIOUS_MOVE = YES;
				CLANG_WARN_UNGUARDED_AVAILABILITY = YES_AGGRESSIVE;
				CLANG_WARN_UNREACHABLE_CODE = YES;
				CLANG_WARN__DUPLICATE_METHOD_MATCH = YES;
				COPY_PHASE_STRIP = NO;
				DEBUG_INFORMATION_FORMAT = "dwarf-with-dsym";
				ENABLE_NS_ASSERTIONS = NO;
				ENABLE_STRICT_OBJC_MSGSEND = YES;
				GCC_C_LANGUAGE_STANDARD = gnu11;
				GCC_NO_COMMON_BLOCKS = YES;
				GCC_WARN_64_TO_32_BIT_CONVERSION = YES;
				GCC_WARN_ABOUT_RETURN_TYPE = YES_ERROR;
				GCC_WARN_UNDECLARED_SELECTOR = YES;
				GCC_WARN_UNINITIALIZED_AUTOS = YES_AGGRESSIVE;
				GCC_WARN_UNUSED_FUNCTION = YES;
				GCC_WARN_UNUSED_VARIABLE = YES;
				IPHONEOS_DEPLOYMENT_TARGET = 16.2;
				MTL_ENABLE_DEBUG_INFO = NO;
				MTL_FAST_MATH = YES;
				SDKROOT = iphoneos;
				SWIFT_COMPILATION_MODE = wholemodule;
				SWIFT_OPTIMIZATION_LEVEL = "-O";
				VALIDATE_PRODUCT = YES;
			};
			name = Release;
		};
		B05E79E92B67E8900063514C /* Debug */ = {
			isa = XCBuildConfiguration;
			buildSettings = {
				ASSETCATALOG_COMPILER_APPICON_NAME = AppIcon;
				ASSETCATALOG_COMPILER_GLOBAL_ACCENT_COLOR_NAME = AccentColor;
				CODE_SIGN_STYLE = Automatic;
				CURRENT_PROJECT_VERSION = 1;
				DEVELOPMENT_TEAM = 6HVH2XY748;
				GENERATE_INFOPLIST_FILE = YES;
				INFOPLIST_FILE = NotesAppTestTask/Info.plist;
				INFOPLIST_KEY_UIApplicationSupportsIndirectInputEvents = YES;
				INFOPLIST_KEY_UILaunchStoryboardName = LaunchScreen;
				INFOPLIST_KEY_UISupportedInterfaceOrientations_iPad = "UIInterfaceOrientationPortrait UIInterfaceOrientationPortraitUpsideDown UIInterfaceOrientationLandscapeLeft UIInterfaceOrientationLandscapeRight";
				INFOPLIST_KEY_UISupportedInterfaceOrientations_iPhone = "UIInterfaceOrientationPortrait UIInterfaceOrientationLandscapeLeft UIInterfaceOrientationLandscapeRight";
				LD_RUNPATH_SEARCH_PATHS = (
					"$(inherited)",
					"@executable_path/Frameworks",
				);
				MARKETING_VERSION = 1.0;
				PRODUCT_BUNDLE_IDENTIFIER = Kabulov.NotesAppTestTask;
				PRODUCT_NAME = "$(TARGET_NAME)";
				SWIFT_EMIT_LOC_STRINGS = YES;
				SWIFT_VERSION = 5.0;
				TARGETED_DEVICE_FAMILY = "1,2";
			};
			name = Debug;
		};
		B05E79EA2B67E8900063514C /* Release */ = {
			isa = XCBuildConfiguration;
			buildSettings = {
				ASSETCATALOG_COMPILER_APPICON_NAME = AppIcon;
				ASSETCATALOG_COMPILER_GLOBAL_ACCENT_COLOR_NAME = AccentColor;
				CODE_SIGN_STYLE = Automatic;
				CURRENT_PROJECT_VERSION = 1;
				DEVELOPMENT_TEAM = 6HVH2XY748;
				GENERATE_INFOPLIST_FILE = YES;
				INFOPLIST_FILE = NotesAppTestTask/Info.plist;
				INFOPLIST_KEY_UIApplicationSupportsIndirectInputEvents = YES;
				INFOPLIST_KEY_UILaunchStoryboardName = LaunchScreen;
				INFOPLIST_KEY_UISupportedInterfaceOrientations_iPad = "UIInterfaceOrientationPortrait UIInterfaceOrientationPortraitUpsideDown UIInterfaceOrientationLandscapeLeft UIInterfaceOrientationLandscapeRight";
				INFOPLIST_KEY_UISupportedInterfaceOrientations_iPhone = "UIInterfaceOrientationPortrait UIInterfaceOrientationLandscapeLeft UIInterfaceOrientationLandscapeRight";
				LD_RUNPATH_SEARCH_PATHS = (
					"$(inherited)",
					"@executable_path/Frameworks",
				);
				MARKETING_VERSION = 1.0;
				PRODUCT_BUNDLE_IDENTIFIER = Kabulov.NotesAppTestTask;
				PRODUCT_NAME = "$(TARGET_NAME)";
				SWIFT_EMIT_LOC_STRINGS = YES;
				SWIFT_VERSION = 5.0;
				TARGETED_DEVICE_FAMILY = "1,2";
			};
			name = Release;
		};
/* End XCBuildConfiguration section */

/* Begin XCConfigurationList section */
		B05E79CF2B67E88E0063514C /* Build configuration list for PBXProject "NotesAppTestTask" */ = {
			isa = XCConfigurationList;
			buildConfigurations = (
				B05E79E62B67E8900063514C /* Debug */,
				B05E79E72B67E8900063514C /* Release */,
			);
			defaultConfigurationIsVisible = 0;
			defaultConfigurationName = Release;
		};
		B05E79E82B67E8900063514C /* Build configuration list for PBXNativeTarget "NotesAppTestTask" */ = {
			isa = XCConfigurationList;
			buildConfigurations = (
				B05E79E92B67E8900063514C /* Debug */,
				B05E79EA2B67E8900063514C /* Release */,
			);
			defaultConfigurationIsVisible = 0;
			defaultConfigurationName = Release;
		};
/* End XCConfigurationList section */
	};
	rootObject = B05E79CC2B67E88E0063514C /* Project object */;
}
